// !$*UTF8*$!
{
	archiveVersion = 1;
	classes = {
	};
	objectVersion = 55;
	objects = {

/* Begin PBXBuildFile section */
		49601595288853EE00B87899 /* ContainerTabBarViewController.swift in Sources */ = {isa = PBXBuildFile; fileRef = 49601594288853EE00B87899 /* ContainerTabBarViewController.swift */; };
		499F41892887710C003704BE /* Person.swift in Sources */ = {isa = PBXBuildFile; fileRef = 499F41882887710C003704BE /* Person.swift */; };
		499F418B28877524003704BE /* ContactDetailsViewController.swift in Sources */ = {isa = PBXBuildFile; fileRef = 499F418A28877524003704BE /* ContactDetailsViewController.swift */; };
		499F418E28881794003704BE /* ExtendedPersonsListViewController.swift in Sources */ = {isa = PBXBuildFile; fileRef = 499F418D28881793003704BE /* ExtendedPersonsListViewController.swift */; };
		49B50931288631B500600DAE /* AppDelegate.swift in Sources */ = {isa = PBXBuildFile; fileRef = 49B50930288631B500600DAE /* AppDelegate.swift */; };
		49B50933288631B500600DAE /* SceneDelegate.swift in Sources */ = {isa = PBXBuildFile; fileRef = 49B50932288631B500600DAE /* SceneDelegate.swift */; };
		49B50938288631B500600DAE /* Main.storyboard in Resources */ = {isa = PBXBuildFile; fileRef = 49B50936288631B500600DAE /* Main.storyboard */; };
		49B5093A288631B600600DAE /* Assets.xcassets in Resources */ = {isa = PBXBuildFile; fileRef = 49B50939288631B600600DAE /* Assets.xcassets */; };
		49B5093D288631B600600DAE /* LaunchScreen.storyboard in Resources */ = {isa = PBXBuildFile; fileRef = 49B5093B288631B600600DAE /* LaunchScreen.storyboard */; };
		49B50945288632C300600DAE /* PersonsListViewController.swift in Sources */ = {isa = PBXBuildFile; fileRef = 49B50944288632C300600DAE /* PersonsListViewController.swift */; };
		49B5094A288633EE00600DAE /* DataStore.swift in Sources */ = {isa = PBXBuildFile; fileRef = 49B50949288633EE00600DAE /* DataStore.swift */; };
/* End PBXBuildFile section */

/* Begin PBXFileReference section */
		49601594288853EE00B87899 /* ContainerTabBarViewController.swift */ = {isa = PBXFileReference; lastKnownFileType = sourcecode.swift; path = ContainerTabBarViewController.swift; sourceTree = "<group>"; };
		499F41882887710C003704BE /* Person.swift */ = {isa = PBXFileReference; lastKnownFileType = sourcecode.swift; path = Person.swift; sourceTree = "<group>"; };
		499F418A28877524003704BE /* ContactDetailsViewController.swift */ = {isa = PBXFileReference; lastKnownFileType = sourcecode.swift; path = ContactDetailsViewController.swift; sourceTree = "<group>"; };
		499F418D28881793003704BE /* ExtendedPersonsListViewController.swift */ = {isa = PBXFileReference; fileEncoding = 4; lastKnownFileType = sourcecode.swift; path = ExtendedPersonsListViewController.swift; sourceTree = "<group>"; };
		49B5092D288631B500600DAE /* ContactList.app */ = {isa = PBXFileReference; explicitFileType = wrapper.application; includeInIndex = 0; path = ContactList.app; sourceTree = BUILT_PRODUCTS_DIR; };
		49B50930288631B500600DAE /* AppDelegate.swift */ = {isa = PBXFileReference; lastKnownFileType = sourcecode.swift; path = AppDelegate.swift; sourceTree = "<group>"; };
		49B50932288631B500600DAE /* SceneDelegate.swift */ = {isa = PBXFileReference; lastKnownFileType = sourcecode.swift; path = SceneDelegate.swift; sourceTree = "<group>"; };
		49B50937288631B500600DAE /* Base */ = {isa = PBXFileReference; lastKnownFileType = file.storyboard; name = Base; path = Base.lproj/Main.storyboard; sourceTree = "<group>"; };
		49B50939288631B600600DAE /* Assets.xcassets */ = {isa = PBXFileReference; lastKnownFileType = folder.assetcatalog; path = Assets.xcassets; sourceTree = "<group>"; };
		49B5093C288631B600600DAE /* Base */ = {isa = PBXFileReference; lastKnownFileType = file.storyboard; name = Base; path = Base.lproj/LaunchScreen.storyboard; sourceTree = "<group>"; };
		49B5093E288631B600600DAE /* Info.plist */ = {isa = PBXFileReference; lastKnownFileType = text.plist.xml; path = Info.plist; sourceTree = "<group>"; };
		49B50944288632C300600DAE /* PersonsListViewController.swift */ = {isa = PBXFileReference; lastKnownFileType = sourcecode.swift; path = PersonsListViewController.swift; sourceTree = "<group>"; };
		49B50949288633EE00600DAE /* DataStore.swift */ = {isa = PBXFileReference; lastKnownFileType = sourcecode.swift; path = DataStore.swift; sourceTree = "<group>"; };
/* End PBXFileReference section */

/* Begin PBXFrameworksBuildPhase section */
		49B5092A288631B500600DAE /* Frameworks */ = {
			isa = PBXFrameworksBuildPhase;
			buildActionMask = 2147483647;
			files = (
			);
			runOnlyForDeploymentPostprocessing = 0;
		};
/* End PBXFrameworksBuildPhase section */

/* Begin PBXGroup section */
		499F418C28881778003704BE /* ViewControllers */ = {
			isa = PBXGroup;
			children = (
				49B50944288632C300600DAE /* PersonsListViewController.swift */,
				499F418D28881793003704BE /* ExtendedPersonsListViewController.swift */,
				499F418A28877524003704BE /* ContactDetailsViewController.swift */,
				49601594288853EE00B87899 /* ContainerTabBarViewController.swift */,
			);
			path = ViewControllers;
			sourceTree = "<group>";
		};
		499F418F288817B0003704BE /* Services */ = {
			isa = PBXGroup;
			children = (
				49B50949288633EE00600DAE /* DataStore.swift */,
			);
			path = Services;
			sourceTree = "<group>";
		};
		499F4190288817B6003704BE /* Models */ = {
			isa = PBXGroup;
			children = (
				499F41882887710C003704BE /* Person.swift */,
			);
			path = Models;
			sourceTree = "<group>";
		};
		49B50924288631B500600DAE = {
			isa = PBXGroup;
			children = (
				49B5092F288631B500600DAE /* ContactList */,
				49B5092E288631B500600DAE /* Products */,
			);
			sourceTree = "<group>";
		};
		49B5092E288631B500600DAE /* Products */ = {
			isa = PBXGroup;
			children = (
				49B5092D288631B500600DAE /* ContactList.app */,
			);
			name = Products;
			sourceTree = "<group>";
		};
		49B5092F288631B500600DAE /* ContactList */ = {
			isa = PBXGroup;
			children = (
				499F418C28881778003704BE /* ViewControllers */,
				499F4190288817B6003704BE /* Models */,
				499F418F288817B0003704BE /* Services */,
				49B50948288633D300600DAE /* App */,
				49B50946288633C200600DAE /* Storyboards */,
				49B50947288633CA00600DAE /* Resources */,
			);
			path = ContactList;
			sourceTree = "<group>";
		};
		49B50946288633C200600DAE /* Storyboards */ = {
			isa = PBXGroup;
			children = (
				49B50936288631B500600DAE /* Main.storyboard */,
				49B5093B288631B600600DAE /* LaunchScreen.storyboard */,
			);
			path = Storyboards;
			sourceTree = "<group>";
		};
		49B50947288633CA00600DAE /* Resources */ = {
			isa = PBXGroup;
			children = (
				49B50939288631B600600DAE /* Assets.xcassets */,
			);
			path = Resources;
			sourceTree = "<group>";
		};
		49B50948288633D300600DAE /* App */ = {
			isa = PBXGroup;
			children = (
				49B50930288631B500600DAE /* AppDelegate.swift */,
				49B50932288631B500600DAE /* SceneDelegate.swift */,
				49B5093E288631B600600DAE /* Info.plist */,
			);
			path = App;
			sourceTree = "<group>";
		};
/* End PBXGroup section */

/* Begin PBXNativeTarget section */
		49B5092C288631B500600DAE /* ContactList */ = {
			isa = PBXNativeTarget;
			buildConfigurationList = 49B50941288631B600600DAE /* Build configuration list for PBXNativeTarget "ContactList" */;
			buildPhases = (
				49B50929288631B500600DAE /* Sources */,
				49B5092A288631B500600DAE /* Frameworks */,
				49B5092B288631B500600DAE /* Resources */,
			);
			buildRules = (
			);
			dependencies = (
			);
			name = ContactList;
			productName = ContactList;
			productReference = 49B5092D288631B500600DAE /* ContactList.app */;
			productType = "com.apple.product-type.application";
		};
/* End PBXNativeTarget section */

/* Begin PBXProject section */
		49B50925288631B500600DAE /* Project object */ = {
			isa = PBXProject;
			attributes = {
				BuildIndependentTargetsInParallel = 1;
				LastSwiftUpdateCheck = 1340;
				LastUpgradeCheck = 1340;
				TargetAttributes = {
					49B5092C288631B500600DAE = {
						CreatedOnToolsVersion = 13.4.1;
					};
				};
			};
			buildConfigurationList = 49B50928288631B500600DAE /* Build configuration list for PBXProject "ContactList" */;
			compatibilityVersion = "Xcode 13.0";
			developmentRegion = en;
			hasScannedForEncodings = 0;
			knownRegions = (
				en,
				Base,
			);
			mainGroup = 49B50924288631B500600DAE;
			productRefGroup = 49B5092E288631B500600DAE /* Products */;
			projectDirPath = "";
			projectRoot = "";
			targets = (
				49B5092C288631B500600DAE /* ContactList */,
			);
		};
/* End PBXProject section */

/* Begin PBXResourcesBuildPhase section */
		49B5092B288631B500600DAE /* Resources */ = {
			isa = PBXResourcesBuildPhase;
			buildActionMask = 2147483647;
			files = (
				49B5093D288631B600600DAE /* LaunchScreen.storyboard in Resources */,
				49B5093A288631B600600DAE /* Assets.xcassets in Resources */,
				49B50938288631B500600DAE /* Main.storyboard in Resources */,
			);
			runOnlyForDeploymentPostprocessing = 0;
		};
/* End PBXResourcesBuildPhase section */

/* Begin PBXSourcesBuildPhase section */
		49B50929288631B500600DAE /* Sources */ = {
			isa = PBXSourcesBuildPhase;
			buildActionMask = 2147483647;
			files = (
				499F418E28881794003704BE /* ExtendedPersonsListViewController.swift in Sources */,
				49B50931288631B500600DAE /* AppDelegate.swift in Sources */,
				49B50933288631B500600DAE /* SceneDelegate.swift in Sources */,
				499F41892887710C003704BE /* Person.swift in Sources */,
				49601595288853EE00B87899 /* ContainerTabBarViewController.swift in Sources */,
				49B5094A288633EE00600DAE /* DataStore.swift in Sources */,
				499F418B28877524003704BE /* ContactDetailsViewController.swift in Sources */,
				49B50945288632C300600DAE /* PersonsListViewController.swift in Sources */,
			);
			runOnlyForDeploymentPostprocessing = 0;
		};
/* End PBXSourcesBuildPhase section */

/* Begin PBXVariantGroup section */
		49B50936288631B500600DAE /* Main.storyboard */ = {
			isa = PBXVariantGroup;
			children = (
				49B50937288631B500600DAE /* Base */,
			);
			name = Main.storyboard;
			sourceTree = "<group>";
		};
		49B5093B288631B600600DAE /* LaunchScreen.storyboard */ = {
			isa = PBXVariantGroup;
			children = (
				49B5093C288631B600600DAE /* Base */,
			);
			name = LaunchScreen.storyboard;
			sourceTree = "<group>";
		};
/* End PBXVariantGroup section */

/* Begin XCBuildConfiguration section */
		49B5093F288631B600600DAE /* Debug */ = {
			isa = XCBuildConfiguration;
			buildSettings = {
				ALWAYS_SEARCH_USER_PATHS = NO;
				CLANG_ANALYZER_NONNULL = YES;
				CLANG_ANALYZER_NUMBER_OBJECT_CONVERSION = YES_AGGRESSIVE;
				CLANG_CXX_LANGUAGE_STANDARD = "gnu++17";
				CLANG_ENABLE_MODULES = YES;
				CLANG_ENABLE_OBJC_ARC = YES;
				CLANG_ENABLE_OBJC_WEAK = YES;
				CLANG_WARN_BLOCK_CAPTURE_AUTORELEASING = YES;
				CLANG_WARN_BOOL_CONVERSION = YES;
				CLANG_WARN_COMMA = YES;
				CLANG_WARN_CONSTANT_CONVERSION = YES;
				CLANG_WARN_DEPRECATED_OBJC_IMPLEMENTATIONS = YES;
				CLANG_WARN_DIRECT_OBJC_ISA_USAGE = YES_ERROR;
				CLANG_WARN_DOCUMENTATION_COMMENTS = YES;
				CLANG_WARN_EMPTY_BODY = YES;
				CLANG_WARN_ENUM_CONVERSION = YES;
				CLANG_WARN_INFINITE_RECURSION = YES;
				CLANG_WARN_INT_CONVERSION = YES;
				CLANG_WARN_NON_LITERAL_NULL_CONVERSION = YES;
				CLANG_WARN_OBJC_IMPLICIT_RETAIN_SELF = YES;
				CLANG_WARN_OBJC_LITERAL_CONVERSION = YES;
				CLANG_WARN_OBJC_ROOT_CLASS = YES_ERROR;
				CLANG_WARN_QUOTED_INCLUDE_IN_FRAMEWORK_HEADER = YES;
				CLANG_WARN_RANGE_LOOP_ANALYSIS = YES;
				CLANG_WARN_STRICT_PROTOTYPES = YES;
				CLANG_WARN_SUSPICIOUS_MOVE = YES;
				CLANG_WARN_UNGUARDED_AVAILABILITY = YES_AGGRESSIVE;
				CLANG_WARN_UNREACHABLE_CODE = YES;
				CLANG_WARN__DUPLICATE_METHOD_MATCH = YES;
				COPY_PHASE_STRIP = NO;
				DEBUG_INFORMATION_FORMAT = dwarf;
				ENABLE_STRICT_OBJC_MSGSEND = YES;
				ENABLE_TESTABILITY = YES;
				GCC_C_LANGUAGE_STANDARD = gnu11;
				GCC_DYNAMIC_NO_PIC = NO;
				GCC_NO_COMMON_BLOCKS = YES;
				GCC_OPTIMIZATION_LEVEL = 0;
				GCC_PREPROCESSOR_DEFINITIONS = (
					"DEBUG=1",
					"$(inherited)",
				);
				GCC_WARN_64_TO_32_BIT_CONVERSION = YES;
				GCC_WARN_ABOUT_RETURN_TYPE = YES_ERROR;
				GCC_WARN_UNDECLARED_SELECTOR = YES;
				GCC_WARN_UNINITIALIZED_AUTOS = YES_AGGRESSIVE;
				GCC_WARN_UNUSED_FUNCTION = YES;
				GCC_WARN_UNUSED_VARIABLE = YES;
				IPHONEOS_DEPLOYMENT_TARGET = 15.5;
				MTL_ENABLE_DEBUG_INFO = INCLUDE_SOURCE;
				MTL_FAST_MATH = YES;
				ONLY_ACTIVE_ARCH = YES;
				SDKROOT = iphoneos;
				SWIFT_ACTIVE_COMPILATION_CONDITIONS = DEBUG;
				SWIFT_OPTIMIZATION_LEVEL = "-Onone";
			};
			name = Debug;
		};
		49B50940288631B600600DAE /* Release */ = {
			isa = XCBuildConfiguration;
			buildSettings = {
				ALWAYS_SEARCH_USER_PATHS = NO;
				CLANG_ANALYZER_NONNULL = YES;
				CLANG_ANALYZER_NUMBER_OBJECT_CONVERSION = YES_AGGRESSIVE;
				CLANG_CXX_LANGUAGE_STANDARD = "gnu++17";
				CLANG_ENABLE_MODULES = YES;
				CLANG_ENABLE_OBJC_ARC = YES;
				CLANG_ENABLE_OBJC_WEAK = YES;
				CLANG_WARN_BLOCK_CAPTURE_AUTORELEASING = YES;
				CLANG_WARN_BOOL_CONVERSION = YES;
				CLANG_WARN_COMMA = YES;
				CLANG_WARN_CONSTANT_CONVERSION = YES;
				CLANG_WARN_DEPRECATED_OBJC_IMPLEMENTATIONS = YES;
				CLANG_WARN_DIRECT_OBJC_ISA_USAGE = YES_ERROR;
				CLANG_WARN_DOCUMENTATION_COMMENTS = YES;
				CLANG_WARN_EMPTY_BODY = YES;
				CLANG_WARN_ENUM_CONVERSION = YES;
				CLANG_WARN_INFINITE_RECURSION = YES;
				CLANG_WARN_INT_CONVERSION = YES;
				CLANG_WARN_NON_LITERAL_NULL_CONVERSION = YES;
				CLANG_WARN_OBJC_IMPLICIT_RETAIN_SELF = YES;
				CLANG_WARN_OBJC_LITERAL_CONVERSION = YES;
				CLANG_WARN_OBJC_ROOT_CLASS = YES_ERROR;
				CLANG_WARN_QUOTED_INCLUDE_IN_FRAMEWORK_HEADER = YES;
				CLANG_WARN_RANGE_LOOP_ANALYSIS = YES;
				CLANG_WARN_STRICT_PROTOTYPES = YES;
				CLANG_WARN_SUSPICIOUS_MOVE = YES;
				CLANG_WARN_UNGUARDED_AVAILABILITY = YES_AGGRESSIVE;
				CLANG_WARN_UNREACHABLE_CODE = YES;
				CLANG_WARN__DUPLICATE_METHOD_MATCH = YES;
				COPY_PHASE_STRIP = NO;
				DEBUG_INFORMATION_FORMAT = "dwarf-with-dsym";
				ENABLE_NS_ASSERTIONS = NO;
				ENABLE_STRICT_OBJC_MSGSEND = YES;
				GCC_C_LANGUAGE_STANDARD = gnu11;
				GCC_NO_COMMON_BLOCKS = YES;
				GCC_WARN_64_TO_32_BIT_CONVERSION = YES;
				GCC_WARN_ABOUT_RETURN_TYPE = YES_ERROR;
				GCC_WARN_UNDECLARED_SELECTOR = YES;
				GCC_WARN_UNINITIALIZED_AUTOS = YES_AGGRESSIVE;
				GCC_WARN_UNUSED_FUNCTION = YES;
				GCC_WARN_UNUSED_VARIABLE = YES;
				IPHONEOS_DEPLOYMENT_TARGET = 15.5;
				MTL_ENABLE_DEBUG_INFO = NO;
				MTL_FAST_MATH = YES;
				SDKROOT = iphoneos;
				SWIFT_COMPILATION_MODE = wholemodule;
				SWIFT_OPTIMIZATION_LEVEL = "-O";
				VALIDATE_PRODUCT = YES;
			};
			name = Release;
		};
		49B50942288631B600600DAE /* Debug */ = {
			isa = XCBuildConfiguration;
			buildSettings = {
				ASSETCATALOG_COMPILER_APPICON_NAME = AppIcon;
				ASSETCATALOG_COMPILER_GLOBAL_ACCENT_COLOR_NAME = AccentColor;
				CODE_SIGN_STYLE = Automatic;
				CURRENT_PROJECT_VERSION = 1;
				DEVELOPMENT_TEAM = HPQTL9HB22;
				GENERATE_INFOPLIST_FILE = YES;
				INFOPLIST_FILE = ContactList/App/Info.plist;
				INFOPLIST_KEY_UIApplicationSupportsIndirectInputEvents = YES;
				INFOPLIST_KEY_UILaunchStoryboardName = LaunchScreen;
				INFOPLIST_KEY_UIMainStoryboardFile = Main;
				INFOPLIST_KEY_UISupportedInterfaceOrientations = UIInterfaceOrientationPortrait;
				INFOPLIST_KEY_UISupportedInterfaceOrientations_iPad = "UIInterfaceOrientationPortrait UIInterfaceOrientationPortraitUpsideDown UIInterfaceOrientationLandscapeLeft UIInterfaceOrientationLandscapeRight";
				INFOPLIST_KEY_UISupportedInterfaceOrientations_iPhone = "UIInterfaceOrientationPortrait UIInterfaceOrientationLandscapeLeft UIInterfaceOrientationLandscapeRight";
				LD_RUNPATH_SEARCH_PATHS = (
					"$(inherited)",
					"@executable_path/Frameworks",
				);
				MARKETING_VERSION = 1.0;
				PRODUCT_BUNDLE_IDENTIFIER = com.aparc.ContactList;
				PRODUCT_NAME = "$(TARGET_NAME)";
				SWIFT_EMIT_LOC_STRINGS = YES;
				SWIFT_VERSION = 5.0;
				TARGETED_DEVICE_FAMILY = 1;
			};
			name = Debug;
		};
		49B50943288631B600600DAE /* Release */ = {
			isa = XCBuildConfiguration;
			buildSettings = {
				ASSETCATALOG_COMPILER_APPICON_NAME = AppIcon;
				ASSETCATALOG_COMPILER_GLOBAL_ACCENT_COLOR_NAME = AccentColor;
				CODE_SIGN_STYLE = Automatic;
				CURRENT_PROJECT_VERSION = 1;
				DEVELOPMENT_TEAM = HPQTL9HB22;
				GENERATE_INFOPLIST_FILE = YES;
				INFOPLIST_FILE = ContactList/App/Info.plist;
				INFOPLIST_KEY_UIApplicationSupportsIndirectInputEvents = YES;
				INFOPLIST_KEY_UILaunchStoryboardName = LaunchScreen;
				INFOPLIST_KEY_UIMainStoryboardFile = Main;
				INFOPLIST_KEY_UISupportedInterfaceOrientations = UIInterfaceOrientationPortrait;
				INFOPLIST_KEY_UISupportedInterfaceOrientations_iPad = "UIInterfaceOrientationPortrait UIInterfaceOrientationPortraitUpsideDown UIInterfaceOrientationLandscapeLeft UIInterfaceOrientationLandscapeRight";
				INFOPLIST_KEY_UISupportedInterfaceOrientations_iPhone = "UIInterfaceOrientationPortrait UIInterfaceOrientationLandscapeLeft UIInterfaceOrientationLandscapeRight";
				LD_RUNPATH_SEARCH_PATHS = (
					"$(inherited)",
					"@executable_path/Frameworks",
				);
				MARKETING_VERSION = 1.0;
				PRODUCT_BUNDLE_IDENTIFIER = com.aparc.ContactList;
				PRODUCT_NAME = "$(TARGET_NAME)";
				SWIFT_EMIT_LOC_STRINGS = YES;
				SWIFT_VERSION = 5.0;
				TARGETED_DEVICE_FAMILY = 1;
			};
			name = Release;
		};
/* End XCBuildConfiguration section */

/* Begin XCConfigurationList section */
		49B50928288631B500600DAE /* Build configuration list for PBXProject "ContactList" */ = {
			isa = XCConfigurationList;
			buildConfigurations = (
				49B5093F288631B600600DAE /* Debug */,
				49B50940288631B600600DAE /* Release */,
			);
			defaultConfigurationIsVisible = 0;
			defaultConfigurationName = Release;
		};
		49B50941288631B600600DAE /* Build configuration list for PBXNativeTarget "ContactList" */ = {
			isa = XCConfigurationList;
			buildConfigurations = (
				49B50942288631B600600DAE /* Debug */,
				49B50943288631B600600DAE /* Release */,
			);
			defaultConfigurationIsVisible = 0;
			defaultConfigurationName = Release;
		};
/* End XCConfigurationList section */
	};
	rootObject = 49B50925288631B500600DAE /* Project object */;
}
